// !$*UTF8*$!
{
	archiveVersion = 1;
	classes = {
	};
	objectVersion = 55;
	objects = {

/* Begin PBXBuildFile section */
		27B3382F27459E3B009D050A /* MetalCircleApp.swift in Sources */ = {isa = PBXBuildFile; fileRef = 27B3382E27459E3B009D050A /* MetalCircleApp.swift */; };
		27B3383127459E3B009D050A /* ContentView.swift in Sources */ = {isa = PBXBuildFile; fileRef = 27B3383027459E3B009D050A /* ContentView.swift */; };
		27B3383327459E3E009D050A /* Assets.xcassets in Resources */ = {isa = PBXBuildFile; fileRef = 27B3383227459E3E009D050A /* Assets.xcassets */; };
		27B3383627459E3E009D050A /* Preview Assets.xcassets in Resources */ = {isa = PBXBuildFile; fileRef = 27B3383527459E3E009D050A /* Preview Assets.xcassets */; };
		27B338402745A2D5009D050A /* MetalCircleView.swift in Sources */ = {isa = PBXBuildFile; fileRef = 27B3383F2745A2D5009D050A /* MetalCircleView.swift */; };
		27B338422745ADAA009D050A /* CircleShader.metal in Sources */ = {isa = PBXBuildFile; fileRef = 27B338412745ADAA009D050A /* CircleShader.metal */; };
/* End PBXBuildFile section */

/* Begin PBXFileReference section */
		27B3382B27459E3B009D050A /* MetalCircle.app */ = {isa = PBXFileReference; explicitFileType = wrapper.application; includeInIndex = 0; path = MetalCircle.app; sourceTree = BUILT_PRODUCTS_DIR; };
		27B3382E27459E3B009D050A /* MetalCircleApp.swift */ = {isa = PBXFileReference; lastKnownFileType = sourcecode.swift; path = MetalCircleApp.swift; sourceTree = "<group>"; };
		27B3383027459E3B009D050A /* ContentView.swift */ = {isa = PBXFileReference; lastKnownFileType = sourcecode.swift; path = ContentView.swift; sourceTree = "<group>"; };
		27B3383227459E3E009D050A /* Assets.xcassets */ = {isa = PBXFileReference; lastKnownFileType = folder.assetcatalog; path = Assets.xcassets; sourceTree = "<group>"; };
		27B3383527459E3E009D050A /* Preview Assets.xcassets */ = {isa = PBXFileReference; lastKnownFileType = folder.assetcatalog; path = "Preview Assets.xcassets"; sourceTree = "<group>"; };
		27B3383727459E3E009D050A /* MetalCircle.entitlements */ = {isa = PBXFileReference; lastKnownFileType = text.plist.entitlements; path = MetalCircle.entitlements; sourceTree = "<group>"; };
		27B3383F2745A2D5009D050A /* MetalCircleView.swift */ = {isa = PBXFileReference; lastKnownFileType = sourcecode.swift; path = MetalCircleView.swift; sourceTree = "<group>"; };
		27B338412745ADAA009D050A /* CircleShader.metal */ = {isa = PBXFileReference; lastKnownFileType = sourcecode.metal; path = CircleShader.metal; sourceTree = "<group>"; };
/* End PBXFileReference section */

/* Begin PBXFrameworksBuildPhase section */
		27B3382827459E3B009D050A /* Frameworks */ = {
			isa = PBXFrameworksBuildPhase;
			buildActionMask = 2147483647;
			files = (
			);
			runOnlyForDeploymentPostprocessing = 0;
		};
/* End PBXFrameworksBuildPhase section */

/* Begin PBXGroup section */
		27B3382227459E3B009D050A = {
			isa = PBXGroup;
			children = (
				27B3382D27459E3B009D050A /* MetalCircle */,
				27B3382C27459E3B009D050A /* Products */,
			);
			sourceTree = "<group>";
		};
		27B3382C27459E3B009D050A /* Products */ = {
			isa = PBXGroup;
			children = (
				27B3382B27459E3B009D050A /* MetalCircle.app */,
			);
			name = Products;
			sourceTree = "<group>";
		};
		27B3382D27459E3B009D050A /* MetalCircle */ = {
			isa = PBXGroup;
			children = (
				27B3382E27459E3B009D050A /* MetalCircleApp.swift */,
				27B3383027459E3B009D050A /* ContentView.swift */,
				27B3383F2745A2D5009D050A /* MetalCircleView.swift */,
				27B338412745ADAA009D050A /* CircleShader.metal */,
				27B3383227459E3E009D050A /* Assets.xcassets */,
				27B3383727459E3E009D050A /* MetalCircle.entitlements */,
				27B3383427459E3E009D050A /* Preview Content */,
			);
			path = MetalCircle;
			sourceTree = "<group>";
		};
		27B3383427459E3E009D050A /* Preview Content */ = {
			isa = PBXGroup;
			children = (
				27B3383527459E3E009D050A /* Preview Assets.xcassets */,
			);
			path = "Preview Content";
			sourceTree = "<group>";
		};
/* End PBXGroup section */

/* Begin PBXNativeTarget section */
		27B3382A27459E3B009D050A /* MetalCircle */ = {
			isa = PBXNativeTarget;
			buildConfigurationList = 27B3383A27459E3E009D050A /* Build configuration list for PBXNativeTarget "MetalCircle" */;
			buildPhases = (
				27B3382727459E3B009D050A /* Sources */,
				27B3382827459E3B009D050A /* Frameworks */,
				27B3382927459E3B009D050A /* Resources */,
			);
			buildRules = (
			);
			dependencies = (
			);
			name = MetalCircle;
			productName = MetalCircle;
			productReference = 27B3382B27459E3B009D050A /* MetalCircle.app */;
			productType = "com.apple.product-type.application";
		};
/* End PBXNativeTarget section */

/* Begin PBXProject section */
		27B3382327459E3B009D050A /* Project object */ = {
			isa = PBXProject;
			attributes = {
				BuildIndependentTargetsInParallel = 1;
				LastSwiftUpdateCheck = 1310;
				LastUpgradeCheck = 1310;
				TargetAttributes = {
					27B3382A27459E3B009D050A = {
						CreatedOnToolsVersion = 13.1;
					};
				};
			};
			buildConfigurationList = 27B3382627459E3B009D050A /* Build configuration list for PBXProject "MetalCircle" */;
			compatibilityVersion = "Xcode 13.0";
			developmentRegion = en;
			hasScannedForEncodings = 0;
			knownRegions = (
				en,
				Base,
			);
			mainGroup = 27B3382227459E3B009D050A;
			productRefGroup = 27B3382C27459E3B009D050A /* Products */;
			projectDirPath = "";
			projectRoot = "";
			targets = (
				27B3382A27459E3B009D050A /* MetalCircle */,
			);
		};
/* End PBXProject section */

/* Begin PBXResourcesBuildPhase section */
		27B3382927459E3B009D050A /* Resources */ = {
			isa = PBXResourcesBuildPhase;
			buildActionMask = 2147483647;
			files = (
				27B3383627459E3E009D050A /* Preview Assets.xcassets in Resources */,
				27B3383327459E3E009D050A /* Assets.xcassets in Resources */,
			);
			runOnlyForDeploymentPostprocessing = 0;
		};
/* End PBXResourcesBuildPhase section */

/* Begin PBXSourcesBuildPhase section */
		27B3382727459E3B009D050A /* Sources */ = {
			isa = PBXSourcesBuildPhase;
			buildActionMask = 2147483647;
			files = (
				27B338422745ADAA009D050A /* CircleShader.metal in Sources */,
				27B338402745A2D5009D050A /* MetalCircleView.swift in Sources */,
				27B3383127459E3B009D050A /* ContentView.swift in Sources */,
				27B3382F27459E3B009D050A /* MetalCircleApp.swift in Sources */,
			);
			runOnlyForDeploymentPostprocessing = 0;
		};
/* End PBXSourcesBuildPhase section */

/* Begin XCBuildConfiguration section */
		27B3383827459E3E009D050A /* Debug */ = {
			isa = XCBuildConfiguration;
			buildSettings = {
				ALWAYS_SEARCH_USER_PATHS = NO;
				CLANG_ANALYZER_NONNULL = YES;
				CLANG_ANALYZER_NUMBER_OBJECT_CONVERSION = YES_AGGRESSIVE;
				CLANG_CXX_LANGUAGE_STANDARD = "gnu++17";
				CLANG_CXX_LIBRARY = "libc++";
				CLANG_ENABLE_MODULES = YES;
				CLANG_ENABLE_OBJC_ARC = YES;
				CLANG_ENABLE_OBJC_WEAK = YES;
				CLANG_WARN_BLOCK_CAPTURE_AUTORELEASING = YES;
				CLANG_WARN_BOOL_CONVERSION = YES;
				CLANG_WARN_COMMA = YES;
				CLANG_WARN_CONSTANT_CONVERSION = YES;
				CLANG_WARN_DEPRECATED_OBJC_IMPLEMENTATIONS = YES;
				CLANG_WARN_DIRECT_OBJC_ISA_USAGE = YES_ERROR;
				CLANG_WARN_DOCUMENTATION_COMMENTS = YES;
				CLANG_WARN_EMPTY_BODY = YES;
				CLANG_WARN_ENUM_CONVERSION = YES;
				CLANG_WARN_INFINITE_RECURSION = YES;
				CLANG_WARN_INT_CONVERSION = YES;
				CLANG_WARN_NON_LITERAL_NULL_CONVERSION = YES;
				CLANG_WARN_OBJC_IMPLICIT_RETAIN_SELF = YES;
				CLANG_WARN_OBJC_LITERAL_CONVERSION = YES;
				CLANG_WARN_OBJC_ROOT_CLASS = YES_ERROR;
				CLANG_WARN_QUOTED_INCLUDE_IN_FRAMEWORK_HEADER = YES;
				CLANG_WARN_RANGE_LOOP_ANALYSIS = YES;
				CLANG_WARN_STRICT_PROTOTYPES = YES;
				CLANG_WARN_SUSPICIOUS_MOVE = YES;
				CLANG_WARN_UNGUARDED_AVAILABILITY = YES_AGGRESSIVE;
				CLANG_WARN_UNREACHABLE_CODE = YES;
				CLANG_WARN__DUPLICATE_METHOD_MATCH = YES;
				COPY_PHASE_STRIP = NO;
				DEBUG_INFORMATION_FORMAT = dwarf;
				ENABLE_STRICT_OBJC_MSGSEND = YES;
				ENABLE_TESTABILITY = YES;
				GCC_C_LANGUAGE_STANDARD = gnu11;
				GCC_DYNAMIC_NO_PIC = NO;
				GCC_NO_COMMON_BLOCKS = YES;
				GCC_OPTIMIZATION_LEVEL = 0;
				GCC_PREPROCESSOR_DEFINITIONS = (
					"DEBUG=1",
					"$(inherited)",
				);
				GCC_WARN_64_TO_32_BIT_CONVERSION = YES;
				GCC_WARN_ABOUT_RETURN_TYPE = YES_ERROR;
				GCC_WARN_UNDECLARED_SELECTOR = YES;
				GCC_WARN_UNINITIALIZED_AUTOS = YES_AGGRESSIVE;
				GCC_WARN_UNUSED_FUNCTION = YES;
				GCC_WARN_UNUSED_VARIABLE = YES;
				MACOSX_DEPLOYMENT_TARGET = 12.0;
				MTL_ENABLE_DEBUG_INFO = INCLUDE_SOURCE;
				MTL_FAST_MATH = YES;
				ONLY_ACTIVE_ARCH = YES;
				SDKROOT = macosx;
				SWIFT_ACTIVE_COMPILATION_CONDITIONS = DEBUG;
				SWIFT_OPTIMIZATION_LEVEL = "-Onone";
			};
			name = Debug;
		};
		27B3383927459E3E009D050A /* Release */ = {
			isa = XCBuildConfiguration;
			buildSettings = {
				ALWAYS_SEARCH_USER_PATHS = NO;
				CLANG_ANALYZER_NONNULL = YES;
				CLANG_ANALYZER_NUMBER_OBJECT_CONVERSION = YES_AGGRESSIVE;
				CLANG_CXX_LANGUAGE_STANDARD = "gnu++17";
				CLANG_CXX_LIBRARY = "libc++";
				CLANG_ENABLE_MODULES = YES;
				CLANG_ENABLE_OBJC_ARC = YES;
				CLANG_ENABLE_OBJC_WEAK = YES;
				CLANG_WARN_BLOCK_CAPTURE_AUTORELEASING = YES;
				CLANG_WARN_BOOL_CONVERSION = YES;
				CLANG_WARN_COMMA = YES;
				CLANG_WARN_CONSTANT_CONVERSION = YES;
				CLANG_WARN_DEPRECATED_OBJC_IMPLEMENTATIONS = YES;
				CLANG_WARN_DIRECT_OBJC_ISA_USAGE = YES_ERROR;
				CLANG_WARN_DOCUMENTATION_COMMENTS = YES;
				CLANG_WARN_EMPTY_BODY = YES;
				CLANG_WARN_ENUM_CONVERSION = YES;
				CLANG_WARN_INFINITE_RECURSION = YES;
				CLANG_WARN_INT_CONVERSION = YES;
				CLANG_WARN_NON_LITERAL_NULL_CONVERSION = YES;
				CLANG_WARN_OBJC_IMPLICIT_RETAIN_SELF = YES;
				CLANG_WARN_OBJC_LITERAL_CONVERSION = YES;
				CLANG_WARN_OBJC_ROOT_CLASS = YES_ERROR;
				CLANG_WARN_QUOTED_INCLUDE_IN_FRAMEWORK_HEADER = YES;
				CLANG_WARN_RANGE_LOOP_ANALYSIS = YES;
				CLANG_WARN_STRICT_PROTOTYPES = YES;
				CLANG_WARN_SUSPICIOUS_MOVE = YES;
				CLANG_WARN_UNGUARDED_AVAILABILITY = YES_AGGRESSIVE;
				CLANG_WARN_UNREACHABLE_CODE = YES;
				CLANG_WARN__DUPLICATE_METHOD_MATCH = YES;
				COPY_PHASE_STRIP = NO;
				DEBUG_INFORMATION_FORMAT = "dwarf-with-dsym";
				ENABLE_NS_ASSERTIONS = NO;
				ENABLE_STRICT_OBJC_MSGSEND = YES;
				GCC_C_LANGUAGE_STANDARD = gnu11;
				GCC_NO_COMMON_BLOCKS = YES;
				GCC_WARN_64_TO_32_BIT_CONVERSION = YES;
				GCC_WARN_ABOUT_RETURN_TYPE = YES_ERROR;
				GCC_WARN_UNDECLARED_SELECTOR = YES;
				GCC_WARN_UNINITIALIZED_AUTOS = YES_AGGRESSIVE;
				GCC_WARN_UNUSED_FUNCTION = YES;
				GCC_WARN_UNUSED_VARIABLE = YES;
				MACOSX_DEPLOYMENT_TARGET = 12.0;
				MTL_ENABLE_DEBUG_INFO = NO;
				MTL_FAST_MATH = YES;
				SDKROOT = macosx;
				SWIFT_COMPILATION_MODE = wholemodule;
				SWIFT_OPTIMIZATION_LEVEL = "-O";
			};
			name = Release;
		};
		27B3383B27459E3E009D050A /* Debug */ = {
			isa = XCBuildConfiguration;
			buildSettings = {
				ASSETCATALOG_COMPILER_APPICON_NAME = AppIcon;
				ASSETCATALOG_COMPILER_GLOBAL_ACCENT_COLOR_NAME = AccentColor;
				CODE_SIGN_ENTITLEMENTS = MetalCircle/MetalCircle.entitlements;
				CODE_SIGN_STYLE = Automatic;
				COMBINE_HIDPI_IMAGES = YES;
				CURRENT_PROJECT_VERSION = 1;
				DEVELOPMENT_ASSET_PATHS = "\"MetalCircle/Preview Content\"";
				DEVELOPMENT_TEAM = V9F4J6KX54;
				ENABLE_HARDENED_RUNTIME = YES;
				ENABLE_PREVIEWS = YES;
				GENERATE_INFOPLIST_FILE = YES;
				INFOPLIST_KEY_NSHumanReadableCopyright = "";
				LD_RUNPATH_SEARCH_PATHS = (
					"$(inherited)",
					"@executable_path/../Frameworks",
				);
				MARKETING_VERSION = 1.0;
				PRODUCT_BUNDLE_IDENTIFIER = com.joogps.MetalCircle;
				PRODUCT_NAME = "$(TARGET_NAME)";
				SWIFT_EMIT_LOC_STRINGS = YES;
				SWIFT_VERSION = 5.0;
			};
			name = Debug;
		};
		27B3383C27459E3E009D050A /* Release */ = {
			isa = XCBuildConfiguration;
			buildSettings = {
				ASSETCATALOG_COMPILER_APPICON_NAME = AppIcon;
				ASSETCATALOG_COMPILER_GLOBAL_ACCENT_COLOR_NAME = AccentColor;
				CODE_SIGN_ENTITLEMENTS = MetalCircle/MetalCircle.entitlements;
				CODE_SIGN_STYLE = Automatic;
				COMBINE_HIDPI_IMAGES = YES;
				CURRENT_PROJECT_VERSION = 1;
				DEVELOPMENT_ASSET_PATHS = "\"MetalCircle/Preview Content\"";
				DEVELOPMENT_TEAM = V9F4J6KX54;
				ENABLE_HARDENED_RUNTIME = YES;
				ENABLE_PREVIEWS = YES;
				GENERATE_INFOPLIST_FILE = YES;
				INFOPLIST_KEY_NSHumanReadableCopyright = "";
				LD_RUNPATH_SEARCH_PATHS = (
					"$(inherited)",
					"@executable_path/../Frameworks",
				);
				MARKETING_VERSION = 1.0;
				PRODUCT_BUNDLE_IDENTIFIER = com.joogps.MetalCircle;
				PRODUCT_NAME = "$(TARGET_NAME)";
				SWIFT_EMIT_LOC_STRINGS = YES;
				SWIFT_VERSION = 5.0;
			};
			name = Release;
		};
/* End XCBuildConfiguration section */

/* Begin XCConfigurationList section */
		27B3382627459E3B009D050A /* Build configuration list for PBXProject "MetalCircle" */ = {
			isa = XCConfigurationList;
			buildConfigurations = (
				27B3383827459E3E009D050A /* Debug */,
				27B3383927459E3E009D050A /* Release */,
			);
			defaultConfigurationIsVisible = 0;
			defaultConfigurationName = Release;
		};
		27B3383A27459E3E009D050A /* Build configuration list for PBXNativeTarget "MetalCircle" */ = {
			isa = XCConfigurationList;
			buildConfigurations = (
				27B3383B27459E3E009D050A /* Debug */,
				27B3383C27459E3E009D050A /* Release */,
			);
			defaultConfigurationIsVisible = 0;
			defaultConfigurationName = Release;
		};
/* End XCConfigurationList section */
	};
	rootObject = 27B3382327459E3B009D050A /* Project object */;
}
